---
label: CTA Block
hide_body: true
fields:
- name: lefthand_text
  type: include
  config: {}
  template: lefthand-text
  label: Lefthand Text
- name: cta_text
  type: text
  config:
    required: false
  label: CTA Text
- name: cta_link
  type: text
  config:
    required: false
  label: CTA Link
- name: external
  type: boolean
  label: External?
