---
label: Media Gallery Block
hide_body: false
fields:
- name: lefthand_text
  type: include
  config: {}
  template: lefthand-text
  label: Lefthand Text
- name: media
  type: field_group_list
  fields:
  - name: image
    type: file
    config:
      maxSize: 64
    label: Image
  - name: title
    type: text
    config:
      required: false
    label: Video Title
  - name: link_to_video
    type: text
    config:
      required: false
    label: Link to Video
  config:
    min: 
    max: 
    labelField: 
  label: Media
