---
label: Miscellaneous Block
hide_body: true
fields:
- name: lefthand_text
  type: include
  config: {}
  template: lefthand-text
  label: Lefthand Text
- name: miscellaneous
  type: textarea
  default: ''
  config:
    required: false
    wysiwyg: true
    schema:
      format: markdown
  label: Miscellaneous
