---
label: Text Block
hide_body: true
fields:
- name: lefthand_text
  type: include
  config: {}
  template: lefthand-text
  label: Lefthand Text
- name: text_block
  type: textarea
  default: ''
  config:
    required: false
    wysiwyg: false
    schema:
      format: markdown
  label: Text Block
